// !$*UTF8*$!
{
	archiveVersion = 1;
	classes = {
	};
	objectVersion = 55;
	objects = {

/* Begin PBXBuildFile section */
		577B43A028245FF600127789 /* AppDelegate.swift in Sources */ = {isa = PBXBuildFile; fileRef = 577B439F28245FF600127789 /* AppDelegate.swift */; };
		577B43A228245FF600127789 /* SceneDelegate.swift in Sources */ = {isa = PBXBuildFile; fileRef = 577B43A128245FF600127789 /* SceneDelegate.swift */; };
		577B43A428245FF600127789 /* ViewController.swift in Sources */ = {isa = PBXBuildFile; fileRef = 577B43A328245FF600127789 /* ViewController.swift */; };
		577B43A728245FF600127789 /* Main.storyboard in Resources */ = {isa = PBXBuildFile; fileRef = 577B43A528245FF600127789 /* Main.storyboard */; };
		577B43A928245FF700127789 /* Assets.xcassets in Resources */ = {isa = PBXBuildFile; fileRef = 577B43A828245FF700127789 /* Assets.xcassets */; };
		577B43AC28245FF700127789 /* LaunchScreen.storyboard in Resources */ = {isa = PBXBuildFile; fileRef = 577B43AA28245FF700127789 /* LaunchScreen.storyboard */; };
		577B43B728245FF700127789 /* StockListTests.swift in Sources */ = {isa = PBXBuildFile; fileRef = 577B43B628245FF700127789 /* StockListTests.swift */; };
		577B43C128245FF700127789 /* StockListUITests.swift in Sources */ = {isa = PBXBuildFile; fileRef = 577B43C028245FF700127789 /* StockListUITests.swift */; };
		577B43C328245FF700127789 /* StockListUITestsLaunchTests.swift in Sources */ = {isa = PBXBuildFile; fileRef = 577B43C228245FF700127789 /* StockListUITestsLaunchTests.swift */; };
/* End PBXBuildFile section */

/* Begin PBXContainerItemProxy section */
		577B43B328245FF700127789 /* PBXContainerItemProxy */ = {
			isa = PBXContainerItemProxy;
			containerPortal = 577B439428245FF600127789 /* Project object */;
			proxyType = 1;
			remoteGlobalIDString = 577B439B28245FF600127789;
			remoteInfo = StockList;
		};
		577B43BD28245FF700127789 /* PBXContainerItemProxy */ = {
			isa = PBXContainerItemProxy;
			containerPortal = 577B439428245FF600127789 /* Project object */;
			proxyType = 1;
			remoteGlobalIDString = 577B439B28245FF600127789;
			remoteInfo = StockList;
		};
/* End PBXContainerItemProxy section */

/* Begin PBXFileReference section */
		577B439C28245FF600127789 /* StockList.app */ = {isa = PBXFileReference; explicitFileType = wrapper.application; includeInIndex = 0; path = StockList.app; sourceTree = BUILT_PRODUCTS_DIR; };
		577B439F28245FF600127789 /* AppDelegate.swift */ = {isa = PBXFileReference; lastKnownFileType = sourcecode.swift; path = AppDelegate.swift; sourceTree = "<group>"; };
		577B43A128245FF600127789 /* SceneDelegate.swift */ = {isa = PBXFileReference; lastKnownFileType = sourcecode.swift; path = SceneDelegate.swift; sourceTree = "<group>"; };
		577B43A328245FF600127789 /* ViewController.swift */ = {isa = PBXFileReference; lastKnownFileType = sourcecode.swift; path = ViewController.swift; sourceTree = "<group>"; };
		577B43A628245FF600127789 /* Base */ = {isa = PBXFileReference; lastKnownFileType = file.storyboard; name = Base; path = Base.lproj/Main.storyboard; sourceTree = "<group>"; };
		577B43A828245FF700127789 /* Assets.xcassets */ = {isa = PBXFileReference; lastKnownFileType = folder.assetcatalog; path = Assets.xcassets; sourceTree = "<group>"; };
		577B43AB28245FF700127789 /* Base */ = {isa = PBXFileReference; lastKnownFileType = file.storyboard; name = Base; path = Base.lproj/LaunchScreen.storyboard; sourceTree = "<group>"; };
		577B43AD28245FF700127789 /* Info.plist */ = {isa = PBXFileReference; lastKnownFileType = text.plist.xml; path = Info.plist; sourceTree = "<group>"; };
		577B43B228245FF700127789 /* StockListTests.xctest */ = {isa = PBXFileReference; explicitFileType = wrapper.cfbundle; includeInIndex = 0; path = StockListTests.xctest; sourceTree = BUILT_PRODUCTS_DIR; };
		577B43B628245FF700127789 /* StockListTests.swift */ = {isa = PBXFileReference; lastKnownFileType = sourcecode.swift; path = StockListTests.swift; sourceTree = "<group>"; };
		577B43BC28245FF700127789 /* StockListUITests.xctest */ = {isa = PBXFileReference; explicitFileType = wrapper.cfbundle; includeInIndex = 0; path = StockListUITests.xctest; sourceTree = BUILT_PRODUCTS_DIR; };
		577B43C028245FF700127789 /* StockListUITests.swift */ = {isa = PBXFileReference; lastKnownFileType = sourcecode.swift; path = StockListUITests.swift; sourceTree = "<group>"; };
		577B43C228245FF700127789 /* StockListUITestsLaunchTests.swift */ = {isa = PBXFileReference; lastKnownFileType = sourcecode.swift; path = StockListUITestsLaunchTests.swift; sourceTree = "<group>"; };
/* End PBXFileReference section */

/* Begin PBXFrameworksBuildPhase section */
		577B439928245FF600127789 /* Frameworks */ = {
			isa = PBXFrameworksBuildPhase;
			buildActionMask = 2147483647;
			files = (
			);
			runOnlyForDeploymentPostprocessing = 0;
		};
		577B43AF28245FF700127789 /* Frameworks */ = {
			isa = PBXFrameworksBuildPhase;
			buildActionMask = 2147483647;
			files = (
			);
			runOnlyForDeploymentPostprocessing = 0;
		};
		577B43B928245FF700127789 /* Frameworks */ = {
			isa = PBXFrameworksBuildPhase;
			buildActionMask = 2147483647;
			files = (
			);
			runOnlyForDeploymentPostprocessing = 0;
		};
/* End PBXFrameworksBuildPhase section */

/* Begin PBXGroup section */
		577B439328245FF600127789 = {
			isa = PBXGroup;
			children = (
				577B439E28245FF600127789 /* StockList */,
				577B43B528245FF700127789 /* StockListTests */,
				577B43BF28245FF700127789 /* StockListUITests */,
				577B439D28245FF600127789 /* Products */,
			);
			sourceTree = "<group>";
		};
		577B439D28245FF600127789 /* Products */ = {
			isa = PBXGroup;
			children = (
				577B439C28245FF600127789 /* StockList.app */,
				577B43B228245FF700127789 /* StockListTests.xctest */,
				577B43BC28245FF700127789 /* StockListUITests.xctest */,
			);
			name = Products;
			sourceTree = "<group>";
		};
		577B439E28245FF600127789 /* StockList */ = {
			isa = PBXGroup;
			children = (
				577B439F28245FF600127789 /* AppDelegate.swift */,
				577B43A128245FF600127789 /* SceneDelegate.swift */,
				577B43A328245FF600127789 /* ViewController.swift */,
				577B43A528245FF600127789 /* Main.storyboard */,
				577B43A828245FF700127789 /* Assets.xcassets */,
				577B43AA28245FF700127789 /* LaunchScreen.storyboard */,
				577B43AD28245FF700127789 /* Info.plist */,
			);
			path = StockList;
			sourceTree = "<group>";
		};
		577B43B528245FF700127789 /* StockListTests */ = {
			isa = PBXGroup;
			children = (
				577B43B628245FF700127789 /* StockListTests.swift */,
			);
			path = StockListTests;
			sourceTree = "<group>";
		};
		577B43BF28245FF700127789 /* StockListUITests */ = {
			isa = PBXGroup;
			children = (
				577B43C028245FF700127789 /* StockListUITests.swift */,
				577B43C228245FF700127789 /* StockListUITestsLaunchTests.swift */,
			);
			path = StockListUITests;
			sourceTree = "<group>";
		};
/* End PBXGroup section */

/* Begin PBXNativeTarget section */
		577B439B28245FF600127789 /* StockList */ = {
			isa = PBXNativeTarget;
			buildConfigurationList = 577B43C628245FF700127789 /* Build configuration list for PBXNativeTarget "StockList" */;
			buildPhases = (
				577B439828245FF600127789 /* Sources */,
				577B439928245FF600127789 /* Frameworks */,
				577B439A28245FF600127789 /* Resources */,
			);
			buildRules = (
			);
			dependencies = (
			);
			name = StockList;
			productName = StockList;
			productReference = 577B439C28245FF600127789 /* StockList.app */;
			productType = "com.apple.product-type.application";
		};
		577B43B128245FF700127789 /* StockListTests */ = {
			isa = PBXNativeTarget;
			buildConfigurationList = 577B43C928245FF700127789 /* Build configuration list for PBXNativeTarget "StockListTests" */;
			buildPhases = (
				577B43AE28245FF700127789 /* Sources */,
				577B43AF28245FF700127789 /* Frameworks */,
				577B43B028245FF700127789 /* Resources */,
			);
			buildRules = (
			);
			dependencies = (
				577B43B428245FF700127789 /* PBXTargetDependency */,
			);
			name = StockListTests;
			productName = StockListTests;
			productReference = 577B43B228245FF700127789 /* StockListTests.xctest */;
			productType = "com.apple.product-type.bundle.unit-test";
		};
		577B43BB28245FF700127789 /* StockListUITests */ = {
			isa = PBXNativeTarget;
			buildConfigurationList = 577B43CC28245FF700127789 /* Build configuration list for PBXNativeTarget "StockListUITests" */;
			buildPhases = (
				577B43B828245FF700127789 /* Sources */,
				577B43B928245FF700127789 /* Frameworks */,
				577B43BA28245FF700127789 /* Resources */,
			);
			buildRules = (
			);
			dependencies = (
				577B43BE28245FF700127789 /* PBXTargetDependency */,
			);
			name = StockListUITests;
			productName = StockListUITests;
			productReference = 577B43BC28245FF700127789 /* StockListUITests.xctest */;
			productType = "com.apple.product-type.bundle.ui-testing";
		};
/* End PBXNativeTarget section */

/* Begin PBXProject section */
		577B439428245FF600127789 /* Project object */ = {
			isa = PBXProject;
			attributes = {
				BuildIndependentTargetsInParallel = 1;
				LastSwiftUpdateCheck = 1330;
				LastUpgradeCheck = 1330;
				TargetAttributes = {
					577B439B28245FF600127789 = {
						CreatedOnToolsVersion = 13.3.1;
					};
					577B43B128245FF700127789 = {
						CreatedOnToolsVersion = 13.3.1;
						TestTargetID = 577B439B28245FF600127789;
					};
					577B43BB28245FF700127789 = {
						CreatedOnToolsVersion = 13.3.1;
						TestTargetID = 577B439B28245FF600127789;
					};
				};
			};
			buildConfigurationList = 577B439728245FF600127789 /* Build configuration list for PBXProject "StockList" */;
			compatibilityVersion = "Xcode 13.0";
			developmentRegion = en;
			hasScannedForEncodings = 0;
			knownRegions = (
				en,
				Base,
			);
			mainGroup = 577B439328245FF600127789;
			productRefGroup = 577B439D28245FF600127789 /* Products */;
			projectDirPath = "";
			projectRoot = "";
			targets = (
				577B439B28245FF600127789 /* StockList */,
				577B43B128245FF700127789 /* StockListTests */,
				577B43BB28245FF700127789 /* StockListUITests */,
			);
		};
/* End PBXProject section */

/* Begin PBXResourcesBuildPhase section */
		577B439A28245FF600127789 /* Resources */ = {
			isa = PBXResourcesBuildPhase;
			buildActionMask = 2147483647;
			files = (
				577B43AC28245FF700127789 /* LaunchScreen.storyboard in Resources */,
				577B43A928245FF700127789 /* Assets.xcassets in Resources */,
				577B43A728245FF600127789 /* Main.storyboard in Resources */,
			);
			runOnlyForDeploymentPostprocessing = 0;
		};
		577B43B028245FF700127789 /* Resources */ = {
			isa = PBXResourcesBuildPhase;
			buildActionMask = 2147483647;
			files = (
			);
			runOnlyForDeploymentPostprocessing = 0;
		};
		577B43BA28245FF700127789 /* Resources */ = {
			isa = PBXResourcesBuildPhase;
			buildActionMask = 2147483647;
			files = (
			);
			runOnlyForDeploymentPostprocessing = 0;
		};
/* End PBXResourcesBuildPhase section */

/* Begin PBXSourcesBuildPhase section */
		577B439828245FF600127789 /* Sources */ = {
			isa = PBXSourcesBuildPhase;
			buildActionMask = 2147483647;
			files = (
				577B43A428245FF600127789 /* ViewController.swift in Sources */,
				577B43A028245FF600127789 /* AppDelegate.swift in Sources */,
				577B43A228245FF600127789 /* SceneDelegate.swift in Sources */,
			);
			runOnlyForDeploymentPostprocessing = 0;
		};
		577B43AE28245FF700127789 /* Sources */ = {
			isa = PBXSourcesBuildPhase;
			buildActionMask = 2147483647;
			files = (
				577B43B728245FF700127789 /* StockListTests.swift in Sources */,
			);
			runOnlyForDeploymentPostprocessing = 0;
		};
		577B43B828245FF700127789 /* Sources */ = {
			isa = PBXSourcesBuildPhase;
			buildActionMask = 2147483647;
			files = (
				577B43C128245FF700127789 /* StockListUITests.swift in Sources */,
				577B43C328245FF700127789 /* StockListUITestsLaunchTests.swift in Sources */,
			);
			runOnlyForDeploymentPostprocessing = 0;
		};
/* End PBXSourcesBuildPhase section */

/* Begin PBXTargetDependency section */
		577B43B428245FF700127789 /* PBXTargetDependency */ = {
			isa = PBXTargetDependency;
			target = 577B439B28245FF600127789 /* StockList */;
			targetProxy = 577B43B328245FF700127789 /* PBXContainerItemProxy */;
		};
		577B43BE28245FF700127789 /* PBXTargetDependency */ = {
			isa = PBXTargetDependency;
			target = 577B439B28245FF600127789 /* StockList */;
			targetProxy = 577B43BD28245FF700127789 /* PBXContainerItemProxy */;
		};
/* End PBXTargetDependency section */

/* Begin PBXVariantGroup section */
		577B43A528245FF600127789 /* Main.storyboard */ = {
			isa = PBXVariantGroup;
			children = (
				577B43A628245FF600127789 /* Base */,
			);
			name = Main.storyboard;
			sourceTree = "<group>";
		};
		577B43AA28245FF700127789 /* LaunchScreen.storyboard */ = {
			isa = PBXVariantGroup;
			children = (
				577B43AB28245FF700127789 /* Base */,
			);
			name = LaunchScreen.storyboard;
			sourceTree = "<group>";
		};
/* End PBXVariantGroup section */

/* Begin XCBuildConfiguration section */
		577B43C428245FF700127789 /* Debug */ = {
			isa = XCBuildConfiguration;
			buildSettings = {
				ALWAYS_SEARCH_USER_PATHS = NO;
				CLANG_ANALYZER_NONNULL = YES;
				CLANG_ANALYZER_NUMBER_OBJECT_CONVERSION = YES_AGGRESSIVE;
				CLANG_CXX_LANGUAGE_STANDARD = "gnu++17";
				CLANG_ENABLE_MODULES = YES;
				CLANG_ENABLE_OBJC_ARC = YES;
				CLANG_ENABLE_OBJC_WEAK = YES;
				CLANG_WARN_BLOCK_CAPTURE_AUTORELEASING = YES;
				CLANG_WARN_BOOL_CONVERSION = YES;
				CLANG_WARN_COMMA = YES;
				CLANG_WARN_CONSTANT_CONVERSION = YES;
				CLANG_WARN_DEPRECATED_OBJC_IMPLEMENTATIONS = YES;
				CLANG_WARN_DIRECT_OBJC_ISA_USAGE = YES_ERROR;
				CLANG_WARN_DOCUMENTATION_COMMENTS = YES;
				CLANG_WARN_EMPTY_BODY = YES;
				CLANG_WARN_ENUM_CONVERSION = YES;
				CLANG_WARN_INFINITE_RECURSION = YES;
				CLANG_WARN_INT_CONVERSION = YES;
				CLANG_WARN_NON_LITERAL_NULL_CONVERSION = YES;
				CLANG_WARN_OBJC_IMPLICIT_RETAIN_SELF = YES;
				CLANG_WARN_OBJC_LITERAL_CONVERSION = YES;
				CLANG_WARN_OBJC_ROOT_CLASS = YES_ERROR;
				CLANG_WARN_QUOTED_INCLUDE_IN_FRAMEWORK_HEADER = YES;
				CLANG_WARN_RANGE_LOOP_ANALYSIS = YES;
				CLANG_WARN_STRICT_PROTOTYPES = YES;
				CLANG_WARN_SUSPICIOUS_MOVE = YES;
				CLANG_WARN_UNGUARDED_AVAILABILITY = YES_AGGRESSIVE;
				CLANG_WARN_UNREACHABLE_CODE = YES;
				CLANG_WARN__DUPLICATE_METHOD_MATCH = YES;
				COPY_PHASE_STRIP = NO;
				DEBUG_INFORMATION_FORMAT = dwarf;
				ENABLE_STRICT_OBJC_MSGSEND = YES;
				ENABLE_TESTABILITY = YES;
				GCC_C_LANGUAGE_STANDARD = gnu11;
				GCC_DYNAMIC_NO_PIC = NO;
				GCC_NO_COMMON_BLOCKS = YES;
				GCC_OPTIMIZATION_LEVEL = 0;
				GCC_PREPROCESSOR_DEFINITIONS = (
					"DEBUG=1",
					"$(inherited)",
				);
				GCC_WARN_64_TO_32_BIT_CONVERSION = YES;
				GCC_WARN_ABOUT_RETURN_TYPE = YES_ERROR;
				GCC_WARN_UNDECLARED_SELECTOR = YES;
				GCC_WARN_UNINITIALIZED_AUTOS = YES_AGGRESSIVE;
				GCC_WARN_UNUSED_FUNCTION = YES;
				GCC_WARN_UNUSED_VARIABLE = YES;
				IPHONEOS_DEPLOYMENT_TARGET = 15.4;
				MTL_ENABLE_DEBUG_INFO = INCLUDE_SOURCE;
				MTL_FAST_MATH = YES;
				ONLY_ACTIVE_ARCH = YES;
				SDKROOT = iphoneos;
				SWIFT_ACTIVE_COMPILATION_CONDITIONS = DEBUG;
				SWIFT_OPTIMIZATION_LEVEL = "-Onone";
			};
			name = Debug;
		};
		577B43C528245FF700127789 /* Release */ = {
			isa = XCBuildConfiguration;
			buildSettings = {
				ALWAYS_SEARCH_USER_PATHS = NO;
				CLANG_ANALYZER_NONNULL = YES;
				CLANG_ANALYZER_NUMBER_OBJECT_CONVERSION = YES_AGGRESSIVE;
				CLANG_CXX_LANGUAGE_STANDARD = "gnu++17";
				CLANG_ENABLE_MODULES = YES;
				CLANG_ENABLE_OBJC_ARC = YES;
				CLANG_ENABLE_OBJC_WEAK = YES;
				CLANG_WARN_BLOCK_CAPTURE_AUTORELEASING = YES;
				CLANG_WARN_BOOL_CONVERSION = YES;
				CLANG_WARN_COMMA = YES;
				CLANG_WARN_CONSTANT_CONVERSION = YES;
				CLANG_WARN_DEPRECATED_OBJC_IMPLEMENTATIONS = YES;
				CLANG_WARN_DIRECT_OBJC_ISA_USAGE = YES_ERROR;
				CLANG_WARN_DOCUMENTATION_COMMENTS = YES;
				CLANG_WARN_EMPTY_BODY = YES;
				CLANG_WARN_ENUM_CONVERSION = YES;
				CLANG_WARN_INFINITE_RECURSION = YES;
				CLANG_WARN_INT_CONVERSION = YES;
				CLANG_WARN_NON_LITERAL_NULL_CONVERSION = YES;
				CLANG_WARN_OBJC_IMPLICIT_RETAIN_SELF = YES;
				CLANG_WARN_OBJC_LITERAL_CONVERSION = YES;
				CLANG_WARN_OBJC_ROOT_CLASS = YES_ERROR;
				CLANG_WARN_QUOTED_INCLUDE_IN_FRAMEWORK_HEADER = YES;
				CLANG_WARN_RANGE_LOOP_ANALYSIS = YES;
				CLANG_WARN_STRICT_PROTOTYPES = YES;
				CLANG_WARN_SUSPICIOUS_MOVE = YES;
				CLANG_WARN_UNGUARDED_AVAILABILITY = YES_AGGRESSIVE;
				CLANG_WARN_UNREACHABLE_CODE = YES;
				CLANG_WARN__DUPLICATE_METHOD_MATCH = YES;
				COPY_PHASE_STRIP = NO;
				DEBUG_INFORMATION_FORMAT = "dwarf-with-dsym";
				ENABLE_NS_ASSERTIONS = NO;
				ENABLE_STRICT_OBJC_MSGSEND = YES;
				GCC_C_LANGUAGE_STANDARD = gnu11;
				GCC_NO_COMMON_BLOCKS = YES;
				GCC_WARN_64_TO_32_BIT_CONVERSION = YES;
				GCC_WARN_ABOUT_RETURN_TYPE = YES_ERROR;
				GCC_WARN_UNDECLARED_SELECTOR = YES;
				GCC_WARN_UNINITIALIZED_AUTOS = YES_AGGRESSIVE;
				GCC_WARN_UNUSED_FUNCTION = YES;
				GCC_WARN_UNUSED_VARIABLE = YES;
				IPHONEOS_DEPLOYMENT_TARGET = 15.4;
				MTL_ENABLE_DEBUG_INFO = NO;
				MTL_FAST_MATH = YES;
				SDKROOT = iphoneos;
				SWIFT_COMPILATION_MODE = wholemodule;
				SWIFT_OPTIMIZATION_LEVEL = "-O";
				VALIDATE_PRODUCT = YES;
			};
			name = Release;
		};
		577B43C728245FF700127789 /* Debug */ = {
			isa = XCBuildConfiguration;
			buildSettings = {
				ASSETCATALOG_COMPILER_APPICON_NAME = AppIcon;
				ASSETCATALOG_COMPILER_GLOBAL_ACCENT_COLOR_NAME = AccentColor;
				CODE_SIGN_STYLE = Automatic;
				CURRENT_PROJECT_VERSION = 1;
				DEVELOPMENT_TEAM = 2AV3B2BH2Y;
				GENERATE_INFOPLIST_FILE = YES;
				INFOPLIST_FILE = StockList/Info.plist;
				INFOPLIST_KEY_UIApplicationSupportsIndirectInputEvents = YES;
				INFOPLIST_KEY_UILaunchStoryboardName = LaunchScreen;
				INFOPLIST_KEY_UIMainStoryboardFile = Main;
				INFOPLIST_KEY_UISupportedInterfaceOrientations_iPad = "UIInterfaceOrientationPortrait UIInterfaceOrientationPortraitUpsideDown UIInterfaceOrientationLandscapeLeft UIInterfaceOrientationLandscapeRight";
				INFOPLIST_KEY_UISupportedInterfaceOrientations_iPhone = "UIInterfaceOrientationPortrait UIInterfaceOrientationLandscapeLeft UIInterfaceOrientationLandscapeRight";
				LD_RUNPATH_SEARCH_PATHS = (
					"$(inherited)",
					"@executable_path/Frameworks",
				);
				MARKETING_VERSION = 1.0;
				PRODUCT_BUNDLE_IDENTIFIER = com.yswang.StockList;
				PRODUCT_NAME = "$(TARGET_NAME)";
				SWIFT_EMIT_LOC_STRINGS = YES;
				SWIFT_VERSION = 5.0;
				TARGETED_DEVICE_FAMILY = "1,2";
			};
			name = Debug;
		};
		577B43C828245FF700127789 /* Release */ = {
			isa = XCBuildConfiguration;
			buildSettings = {
				ASSETCATALOG_COMPILER_APPICON_NAME = AppIcon;
				ASSETCATALOG_COMPILER_GLOBAL_ACCENT_COLOR_NAME = AccentColor;
				CODE_SIGN_STYLE = Automatic;
				CURRENT_PROJECT_VERSION = 1;
				DEVELOPMENT_TEAM = 2AV3B2BH2Y;
				GENERATE_INFOPLIST_FILE = YES;
				INFOPLIST_FILE = StockList/Info.plist;
				INFOPLIST_KEY_UIApplicationSupportsIndirectInputEvents = YES;
				INFOPLIST_KEY_UILaunchStoryboardName = LaunchScreen;
				INFOPLIST_KEY_UIMainStoryboardFile = Main;
				INFOPLIST_KEY_UISupportedInterfaceOrientations_iPad = "UIInterfaceOrientationPortrait UIInterfaceOrientationPortraitUpsideDown UIInterfaceOrientationLandscapeLeft UIInterfaceOrientationLandscapeRight";
				INFOPLIST_KEY_UISupportedInterfaceOrientations_iPhone = "UIInterfaceOrientationPortrait UIInterfaceOrientationLandscapeLeft UIInterfaceOrientationLandscapeRight";
				LD_RUNPATH_SEARCH_PATHS = (
					"$(inherited)",
					"@executable_path/Frameworks",
				);
				MARKETING_VERSION = 1.0;
				PRODUCT_BUNDLE_IDENTIFIER = com.yswang.StockList;
				PRODUCT_NAME = "$(TARGET_NAME)";
				SWIFT_EMIT_LOC_STRINGS = YES;
				SWIFT_VERSION = 5.0;
				TARGETED_DEVICE_FAMILY = "1,2";
			};
			name = Release;
		};
		577B43CA28245FF700127789 /* Debug */ = {
			isa = XCBuildConfiguration;
			buildSettings = {
				ALWAYS_EMBED_SWIFT_STANDARD_LIBRARIES = YES;
				BUNDLE_LOADER = "$(TEST_HOST)";
				CODE_SIGN_STYLE = Automatic;
				CURRENT_PROJECT_VERSION = 1;
				DEVELOPMENT_TEAM = 2AV3B2BH2Y;
				GENERATE_INFOPLIST_FILE = YES;
				IPHONEOS_DEPLOYMENT_TARGET = 15.4;
				MARKETING_VERSION = 1.0;
				PRODUCT_BUNDLE_IDENTIFIER = com.yswang.StockListTests;
				PRODUCT_NAME = "$(TARGET_NAME)";
				SWIFT_EMIT_LOC_STRINGS = NO;
				SWIFT_VERSION = 5.0;
				TARGETED_DEVICE_FAMILY = "1,2";
				TEST_HOST = "$(BUILT_PRODUCTS_DIR)/StockList.app/StockList";
			};
			name = Debug;
		};
		577B43CB28245FF700127789 /* Release */ = {
			isa = XCBuildConfiguration;
			buildSettings = {
				ALWAYS_EMBED_SWIFT_STANDARD_LIBRARIES = YES;
				BUNDLE_LOADER = "$(TEST_HOST)";
				CODE_SIGN_STYLE = Automatic;
				CURRENT_PROJECT_VERSION = 1;
				DEVELOPMENT_TEAM = 2AV3B2BH2Y;
				GENERATE_INFOPLIST_FILE = YES;
				IPHONEOS_DEPLOYMENT_TARGET = 15.4;
				MARKETING_VERSION = 1.0;
				PRODUCT_BUNDLE_IDENTIFIER = com.yswang.StockListTests;
				PRODUCT_NAME = "$(TARGET_NAME)";
				SWIFT_EMIT_LOC_STRINGS = NO;
				SWIFT_VERSION = 5.0;
				TARGETED_DEVICE_FAMILY = "1,2";
				TEST_HOST = "$(BUILT_PRODUCTS_DIR)/StockList.app/StockList";
			};
			name = Release;
		};
		577B43CD28245FF700127789 /* Debug */ = {
			isa = XCBuildConfiguration;
			buildSettings = {
				ALWAYS_EMBED_SWIFT_STANDARD_LIBRARIES = YES;
				CODE_SIGN_STYLE = Automatic;
				CURRENT_PROJECT_VERSION = 1;
				DEVELOPMENT_TEAM = 2AV3B2BH2Y;
				GENERATE_INFOPLIST_FILE = YES;
				MARKETING_VERSION = 1.0;
				PRODUCT_BUNDLE_IDENTIFIER = com.yswang.StockListUITests;
				PRODUCT_NAME = "$(TARGET_NAME)";
				SWIFT_EMIT_LOC_STRINGS = NO;
				SWIFT_VERSION = 5.0;
				TARGETED_DEVICE_FAMILY = "1,2";
				TEST_TARGET_NAME = StockList;
			};
			name = Debug;
		};
		577B43CE28245FF700127789 /* Release */ = {
			isa = XCBuildConfiguration;
			buildSettings = {
				ALWAYS_EMBED_SWIFT_STANDARD_LIBRARIES = YES;
				CODE_SIGN_STYLE = Automatic;
				CURRENT_PROJECT_VERSION = 1;
				DEVELOPMENT_TEAM = 2AV3B2BH2Y;
				GENERATE_INFOPLIST_FILE = YES;
				MARKETING_VERSION = 1.0;
				PRODUCT_BUNDLE_IDENTIFIER = com.yswang.StockListUITests;
				PRODUCT_NAME = "$(TARGET_NAME)";
				SWIFT_EMIT_LOC_STRINGS = NO;
				SWIFT_VERSION = 5.0;
				TARGETED_DEVICE_FAMILY = "1,2";
				TEST_TARGET_NAME = StockList;
			};
			name = Release;
		};
/* End XCBuildConfiguration section */

/* Begin XCConfigurationList section */
		577B439728245FF600127789 /* Build configuration list for PBXProject "StockList" */ = {
			isa = XCConfigurationList;
			buildConfigurations = (
				577B43C428245FF700127789 /* Debug */,
				577B43C528245FF700127789 /* Release */,
			);
			defaultConfigurationIsVisible = 0;
			defaultConfigurationName = Release;
		};
		577B43C628245FF700127789 /* Build configuration list for PBXNativeTarget "StockList" */ = {
			isa = XCConfigurationList;
			buildConfigurations = (
				577B43C728245FF700127789 /* Debug */,
				577B43C828245FF700127789 /* Release */,
			);
			defaultConfigurationIsVisible = 0;
			defaultConfigurationName = Release;
		};
		577B43C928245FF700127789 /* Build configuration list for PBXNativeTarget "StockListTests" */ = {
			isa = XCConfigurationList;
			buildConfigurations = (
				577B43CA28245FF700127789 /* Debug */,
				577B43CB28245FF700127789 /* Release */,
			);
			defaultConfigurationIsVisible = 0;
			defaultConfigurationName = Release;
		};
		577B43CC28245FF700127789 /* Build configuration list for PBXNativeTarget "StockListUITests" */ = {
			isa = XCConfigurationList;
			buildConfigurations = (
				577B43CD28245FF700127789 /* Debug */,
				577B43CE28245FF700127789 /* Release */,
			);
			defaultConfigurationIsVisible = 0;
			defaultConfigurationName = Release;
		};
/* End XCConfigurationList section */
	};
	rootObject = 577B439428245FF600127789 /* Project object */;
}
